
Microsoft Visual Studio Solution File, Format Version 12.00
# Visual Studio Version 17
VisualStudioVersion = 17.8.34330.188
MinimumVisualStudioVersion = 10.0.40219.1
Project("{9A19103F-16F7-4668-BE54-9A1E7A4F7556}") = "RobotFactory.WebApi", "RobotFactoryWebApi\RobotFactory.WebApi.csproj", "{6834C1A8-4BD9-4951-AFDD-7DD76DFAECEE}"
EndProject
Project("{FAE04EC0-301F-11D3-BF4B-00C04F79EFBC}") = "RobotFactory.SharedComponents", "RobotFactorySharedComponents\RobotFactory.SharedComponents.csproj", "{CB136C61-0FFC-49E2-BF1D-DE23E4DE7CA9}"
EndProject
Project("{2150E333-8FDC-42A3-9474-1A3956D46DE8}") = "DevelopmentDockerComponents", "DevelopmentDockerComponents", "{D1E81BFE-E680-4019-AE3D-5A9D9A53928A}"
EndProject
Project("{2150E333-8FDC-42A3-9474-1A3956D46DE8}") = "MongoContainer", "MongoContainer", "{1A05626B-57A5-4901-90ED-2A2F68344D8E}"
	ProjectSection(SolutionItems) = preProject
		mongo-development-docker-compose.yml = mongo-development-docker-compose.yml
	EndProjectSection
EndProject
Project("{FAE04EC0-301F-11D3-BF4B-00C04F79EFBC}") = "RobotFactory.DataLayer", "RobotFactory.DataLayer\RobotFactory.DataLayer.csproj", "{1A263A59-7560-4158-9656-42605A31BC31}"
EndProject
Global
	GlobalSection(SolutionConfigurationPlatforms) = preSolution
		Debug|Any CPU = Debug|Any CPU
		Release|Any CPU = Release|Any CPU
	EndGlobalSection
	GlobalSection(ProjectConfigurationPlatforms) = postSolution
		{6834C1A8-4BD9-4951-AFDD-7DD76DFAECEE}.Debug|Any CPU.ActiveCfg = Debug|Any CPU
		{6834C1A8-4BD9-4951-AFDD-7DD76DFAECEE}.Debug|Any CPU.Build.0 = Debug|Any CPU
		{6834C1A8-4BD9-4951-AFDD-7DD76DFAECEE}.Release|Any CPU.ActiveCfg = Release|Any CPU
		{6834C1A8-4BD9-4951-AFDD-7DD76DFAECEE}.Release|Any CPU.Build.0 = Release|Any CPU
		{CB136C61-0FFC-49E2-BF1D-DE23E4DE7CA9}.Debug|Any CPU.ActiveCfg = Debug|Any CPU
		{CB136C61-0FFC-49E2-BF1D-DE23E4DE7CA9}.Debug|Any CPU.Build.0 = Debug|Any CPU
		{CB136C61-0FFC-49E2-BF1D-DE23E4DE7CA9}.Release|Any CPU.ActiveCfg = Release|Any CPU
		{CB136C61-0FFC-49E2-BF1D-DE23E4DE7CA9}.Release|Any CPU.Build.0 = Release|Any CPU
		{1A263A59-7560-4158-9656-42605A31BC31}.Debug|Any CPU.ActiveCfg = Debug|Any CPU
		{1A263A59-7560-4158-9656-42605A31BC31}.Debug|Any CPU.Build.0 = Debug|Any CPU
		{1A263A59-7560-4158-9656-42605A31BC31}.Release|Any CPU.ActiveCfg = Release|Any CPU
		{1A263A59-7560-4158-9656-42605A31BC31}.Release|Any CPU.Build.0 = Release|Any CPU
	EndGlobalSection
	GlobalSection(SolutionProperties) = preSolution
		HideSolutionNode = FALSE
	EndGlobalSection
	GlobalSection(NestedProjects) = preSolution
		{1A05626B-57A5-4901-90ED-2A2F68344D8E} = {D1E81BFE-E680-4019-AE3D-5A9D9A53928A}
	EndGlobalSection
	GlobalSection(ExtensibilityGlobals) = postSolution
		SolutionGuid = {03170B42-E0B9-4364-80AC-6AA006D4D19D}
	EndGlobalSection
EndGlobal
